// !$*UTF8*$!
{
	archiveVersion = 1;
	classes = {
	};
	objectVersion = 46;
	objects = {

/* Begin PBXBuildFile section */
		5530DC1F1D68FF5500BF4D9A /* PeriodicTimerMonitor.m in Sources */ = {isa = PBXBuildFile; fileRef = 5530DC1E1D68FF5500BF4D9A /* PeriodicTimerMonitor.m */; };
		5530DC201D68FF5500BF4D9A /* PeriodicTimerMonitor.m in Sources */ = {isa = PBXBuildFile; fileRef = 5530DC1E1D68FF5500BF4D9A /* PeriodicTimerMonitor.m */; };
		5560473C1D68C94700F46621 /* main.m in Sources */ = {isa = PBXBuildFile; fileRef = 5560473B1D68C94700F46621 /* main.m */; };
		5560473F1D68C94700F46621 /* AppDelegate.m in Sources */ = {isa = PBXBuildFile; fileRef = 5560473E1D68C94700F46621 /* AppDelegate.m */; };
		556047421D68C94700F46621 /* ViewController.m in Sources */ = {isa = PBXBuildFile; fileRef = 556047411D68C94700F46621 /* ViewController.m */; };
		556047451D68C94700F46621 /* Main.storyboard in Resources */ = {isa = PBXBuildFile; fileRef = 556047431D68C94700F46621 /* Main.storyboard */; };
		556047471D68C94700F46621 /* Assets.xcassets in Resources */ = {isa = PBXBuildFile; fileRef = 556047461D68C94700F46621 /* Assets.xcassets */; };
		5560474A1D68C94700F46621 /* LaunchScreen.storyboard in Resources */ = {isa = PBXBuildFile; fileRef = 556047481D68C94700F46621 /* LaunchScreen.storyboard */; };
		556047521D68DB6800F46621 /* AudioToolbox.framework in Frameworks */ = {isa = PBXBuildFile; fileRef = 556047511D68DB6800F46621 /* AudioToolbox.framework */; };
		5560475A1D68EFC200F46621 /* Interface.storyboard in Resources */ = {isa = PBXBuildFile; fileRef = 556047581D68EFC200F46621 /* Interface.storyboard */; };
		5560475C1D68EFC200F46621 /* Assets.xcassets in Resources */ = {isa = PBXBuildFile; fileRef = 5560475B1D68EFC200F46621 /* Assets.xcassets */; };
		556047631D68EFC200F46621 /* Watch Extension.appex in Embed App Extensions */ = {isa = PBXBuildFile; fileRef = 556047621D68EFC200F46621 /* Watch Extension.appex */; settings = {ATTRIBUTES = (RemoveHeadersOnCopy, ); }; };
		5560476C1D68EFC200F46621 /* ExtensionDelegate.m in Sources */ = {isa = PBXBuildFile; fileRef = 5560476B1D68EFC200F46621 /* ExtensionDelegate.m */; };
		5560476E1D68EFC200F46621 /* Assets.xcassets in Resources */ = {isa = PBXBuildFile; fileRef = 5560476D1D68EFC200F46621 /* Assets.xcassets */; };
		556047721D68EFC200F46621 /* Watch.app in Embed Watch Content */ = {isa = PBXBuildFile; fileRef = 556047561D68EFC200F46621 /* Watch.app */; };
		5560477D1D68F47400F46621 /* InterfaceController.m in Sources */ = {isa = PBXBuildFile; fileRef = 5560477C1D68F47400F46621 /* InterfaceController.m */; };
/* End PBXBuildFile section */

/* Begin PBXContainerItemProxy section */
		556047641D68EFC200F46621 /* PBXContainerItemProxy */ = {
			isa = PBXContainerItemProxy;
			containerPortal = 5560472F1D68C94700F46621 /* Project object */;
			proxyType = 1;
			remoteGlobalIDString = 556047611D68EFC200F46621;
			remoteInfo = "Watch Extension";
		};
		556047701D68EFC200F46621 /* PBXContainerItemProxy */ = {
			isa = PBXContainerItemProxy;
			containerPortal = 5560472F1D68C94700F46621 /* Project object */;
			proxyType = 1;
			remoteGlobalIDString = 556047551D68EFC200F46621;
			remoteInfo = Watch;
		};
/* End PBXContainerItemProxy section */

/* Begin PBXCopyFilesBuildPhase section */
		556047761D68EFC200F46621 /* Embed App Extensions */ = {
			isa = PBXCopyFilesBuildPhase;
			buildActionMask = 2147483647;
			dstPath = "";
			dstSubfolderSpec = 13;
			files = (
				556047631D68EFC200F46621 /* Watch Extension.appex in Embed App Extensions */,
			);
			name = "Embed App Extensions";
			runOnlyForDeploymentPostprocessing = 0;
		};
		5560477A1D68EFC200F46621 /* Embed Watch Content */ = {
			isa = PBXCopyFilesBuildPhase;
			buildActionMask = 2147483647;
			dstPath = "$(CONTENTS_FOLDER_PATH)/Watch";
			dstSubfolderSpec = 16;
			files = (
				556047721D68EFC200F46621 /* Watch.app in Embed Watch Content */,
			);
			name = "Embed Watch Content";
			runOnlyForDeploymentPostprocessing = 0;
		};
/* End PBXCopyFilesBuildPhase section */

/* Begin PBXFileReference section */
		5530DC1D1D68FF5500BF4D9A /* PeriodicTimerMonitor.h */ = {isa = PBXFileReference; fileEncoding = 4; lastKnownFileType = sourcecode.c.h; name = PeriodicTimerMonitor.h; path = Shared/PeriodicTimerMonitor.h; sourceTree = "<group>"; };
		5530DC1E1D68FF5500BF4D9A /* PeriodicTimerMonitor.m */ = {isa = PBXFileReference; fileEncoding = 4; lastKnownFileType = sourcecode.c.objc; name = PeriodicTimerMonitor.m; path = Shared/PeriodicTimerMonitor.m; sourceTree = "<group>"; };
		556047371D68C94700F46621 /* PeriodicTimer.app */ = {isa = PBXFileReference; explicitFileType = wrapper.application; includeInIndex = 0; path = PeriodicTimer.app; sourceTree = BUILT_PRODUCTS_DIR; };
		5560473B1D68C94700F46621 /* main.m */ = {isa = PBXFileReference; lastKnownFileType = sourcecode.c.objc; path = main.m; sourceTree = "<group>"; };
		5560473D1D68C94700F46621 /* AppDelegate.h */ = {isa = PBXFileReference; lastKnownFileType = sourcecode.c.h; path = AppDelegate.h; sourceTree = "<group>"; };
		5560473E1D68C94700F46621 /* AppDelegate.m */ = {isa = PBXFileReference; lastKnownFileType = sourcecode.c.objc; path = AppDelegate.m; sourceTree = "<group>"; };
		556047401D68C94700F46621 /* ViewController.h */ = {isa = PBXFileReference; lastKnownFileType = sourcecode.c.h; path = ViewController.h; sourceTree = "<group>"; };
		556047411D68C94700F46621 /* ViewController.m */ = {isa = PBXFileReference; lastKnownFileType = sourcecode.c.objc; path = ViewController.m; sourceTree = "<group>"; };
		556047441D68C94700F46621 /* Base */ = {isa = PBXFileReference; lastKnownFileType = file.storyboard; name = Base; path = Base.lproj/Main.storyboard; sourceTree = "<group>"; };
		556047461D68C94700F46621 /* Assets.xcassets */ = {isa = PBXFileReference; lastKnownFileType = folder.assetcatalog; path = Assets.xcassets; sourceTree = "<group>"; };
		556047491D68C94700F46621 /* Base */ = {isa = PBXFileReference; lastKnownFileType = file.storyboard; name = Base; path = Base.lproj/LaunchScreen.storyboard; sourceTree = "<group>"; };
		5560474B1D68C94700F46621 /* Info.plist */ = {isa = PBXFileReference; lastKnownFileType = text.plist.xml; path = Info.plist; sourceTree = "<group>"; };
		556047511D68DB6800F46621 /* AudioToolbox.framework */ = {isa = PBXFileReference; lastKnownFileType = wrapper.framework; name = AudioToolbox.framework; path = System/Library/Frameworks/AudioToolbox.framework; sourceTree = SDKROOT; };
		556047561D68EFC200F46621 /* Watch.app */ = {isa = PBXFileReference; explicitFileType = wrapper.application; includeInIndex = 0; path = Watch.app; sourceTree = BUILT_PRODUCTS_DIR; };
		556047591D68EFC200F46621 /* Base */ = {isa = PBXFileReference; lastKnownFileType = file.storyboard; name = Base; path = Base.lproj/Interface.storyboard; sourceTree = "<group>"; };
		5560475B1D68EFC200F46621 /* Assets.xcassets */ = {isa = PBXFileReference; lastKnownFileType = folder.assetcatalog; path = Assets.xcassets; sourceTree = "<group>"; };
		5560475D1D68EFC200F46621 /* Info.plist */ = {isa = PBXFileReference; lastKnownFileType = text.plist.xml; path = Info.plist; sourceTree = "<group>"; };
		556047621D68EFC200F46621 /* Watch Extension.appex */ = {isa = PBXFileReference; explicitFileType = "wrapper.app-extension"; includeInIndex = 0; path = "Watch Extension.appex"; sourceTree = BUILT_PRODUCTS_DIR; };
		5560476A1D68EFC200F46621 /* ExtensionDelegate.h */ = {isa = PBXFileReference; lastKnownFileType = sourcecode.c.h; path = ExtensionDelegate.h; sourceTree = "<group>"; };
		5560476B1D68EFC200F46621 /* ExtensionDelegate.m */ = {isa = PBXFileReference; lastKnownFileType = sourcecode.c.objc; path = ExtensionDelegate.m; sourceTree = "<group>"; };
		5560476D1D68EFC200F46621 /* Assets.xcassets */ = {isa = PBXFileReference; lastKnownFileType = folder.assetcatalog; path = Assets.xcassets; sourceTree = "<group>"; };
		5560476F1D68EFC200F46621 /* Info.plist */ = {isa = PBXFileReference; lastKnownFileType = text.plist.xml; path = Info.plist; sourceTree = "<group>"; };
		5560477B1D68F47400F46621 /* InterfaceController.h */ = {isa = PBXFileReference; fileEncoding = 4; lastKnownFileType = sourcecode.c.h; path = InterfaceController.h; sourceTree = "<group>"; };
		5560477C1D68F47400F46621 /* InterfaceController.m */ = {isa = PBXFileReference; fileEncoding = 4; lastKnownFileType = sourcecode.c.objc; path = InterfaceController.m; sourceTree = "<group>"; };
/* End PBXFileReference section */

/* Begin PBXFrameworksBuildPhase section */
		556047341D68C94700F46621 /* Frameworks */ = {
			isa = PBXFrameworksBuildPhase;
			buildActionMask = 2147483647;
			files = (
				556047521D68DB6800F46621 /* AudioToolbox.framework in Frameworks */,
			);
			runOnlyForDeploymentPostprocessing = 0;
		};
		5560475F1D68EFC200F46621 /* Frameworks */ = {
			isa = PBXFrameworksBuildPhase;
			buildActionMask = 2147483647;
			files = (
			);
			runOnlyForDeploymentPostprocessing = 0;
		};
/* End PBXFrameworksBuildPhase section */

/* Begin PBXGroup section */
		5530DC1C1D68FF0A00BF4D9A /* Shared */ = {
			isa = PBXGroup;
			children = (
				5530DC1D1D68FF5500BF4D9A /* PeriodicTimerMonitor.h */,
				5530DC1E1D68FF5500BF4D9A /* PeriodicTimerMonitor.m */,
			);
			name = Shared;
			sourceTree = "<group>";
		};
		5560472E1D68C94700F46621 = {
			isa = PBXGroup;
			children = (
				5530DC1C1D68FF0A00BF4D9A /* Shared */,
				556047391D68C94700F46621 /* PeriodicTimer */,
				556047571D68EFC200F46621 /* Watch */,
				556047661D68EFC200F46621 /* Watch Extension */,
				556047531D68DB6E00F46621 /* Frameworks */,
				556047381D68C94700F46621 /* Products */,
			);
			sourceTree = "<group>";
		};
		556047381D68C94700F46621 /* Products */ = {
			isa = PBXGroup;
			children = (
				556047371D68C94700F46621 /* PeriodicTimer.app */,
				556047561D68EFC200F46621 /* Watch.app */,
				556047621D68EFC200F46621 /* Watch Extension.appex */,
			);
			name = Products;
			sourceTree = "<group>";
		};
		556047391D68C94700F46621 /* PeriodicTimer */ = {
			isa = PBXGroup;
			children = (
				5560473D1D68C94700F46621 /* AppDelegate.h */,
				5560473E1D68C94700F46621 /* AppDelegate.m */,
				556047401D68C94700F46621 /* ViewController.h */,
				556047411D68C94700F46621 /* ViewController.m */,
				556047431D68C94700F46621 /* Main.storyboard */,
				556047461D68C94700F46621 /* Assets.xcassets */,
				556047481D68C94700F46621 /* LaunchScreen.storyboard */,
				5560474B1D68C94700F46621 /* Info.plist */,
				5560473A1D68C94700F46621 /* Supporting Files */,
			);
			path = PeriodicTimer;
			sourceTree = "<group>";
		};
		5560473A1D68C94700F46621 /* Supporting Files */ = {
			isa = PBXGroup;
			children = (
				5560473B1D68C94700F46621 /* main.m */,
			);
			name = "Supporting Files";
			sourceTree = "<group>";
		};
		556047531D68DB6E00F46621 /* Frameworks */ = {
			isa = PBXGroup;
			children = (
				556047511D68DB6800F46621 /* AudioToolbox.framework */,
			);
			name = Frameworks;
			sourceTree = "<group>";
		};
		556047571D68EFC200F46621 /* Watch */ = {
			isa = PBXGroup;
			children = (
				556047581D68EFC200F46621 /* Interface.storyboard */,
				5560475B1D68EFC200F46621 /* Assets.xcassets */,
				5560475D1D68EFC200F46621 /* Info.plist */,
			);
			path = Watch;
			sourceTree = "<group>";
		};
		556047661D68EFC200F46621 /* Watch Extension */ = {
			isa = PBXGroup;
			children = (
				5560477B1D68F47400F46621 /* InterfaceController.h */,
				5560477C1D68F47400F46621 /* InterfaceController.m */,
				5560476A1D68EFC200F46621 /* ExtensionDelegate.h */,
				5560476B1D68EFC200F46621 /* ExtensionDelegate.m */,
				5560476D1D68EFC200F46621 /* Assets.xcassets */,
				5560476F1D68EFC200F46621 /* Info.plist */,
			);
			path = "Watch Extension";
			sourceTree = "<group>";
		};
/* End PBXGroup section */

/* Begin PBXNativeTarget section */
		556047361D68C94700F46621 /* PeriodicTimer */ = {
			isa = PBXNativeTarget;
			buildConfigurationList = 5560474E1D68C94700F46621 /* Build configuration list for PBXNativeTarget "PeriodicTimer" */;
			buildPhases = (
				556047331D68C94700F46621 /* Sources */,
				556047341D68C94700F46621 /* Frameworks */,
				556047351D68C94700F46621 /* Resources */,
				5560477A1D68EFC200F46621 /* Embed Watch Content */,
			);
			buildRules = (
			);
			dependencies = (
				556047711D68EFC200F46621 /* PBXTargetDependency */,
			);
			name = PeriodicTimer;
			productName = PeriodicTimer;
			productReference = 556047371D68C94700F46621 /* PeriodicTimer.app */;
			productType = "com.apple.product-type.application";
		};
		556047551D68EFC200F46621 /* Watch */ = {
			isa = PBXNativeTarget;
			buildConfigurationList = 556047771D68EFC200F46621 /* Build configuration list for PBXNativeTarget "Watch" */;
			buildPhases = (
				556047541D68EFC200F46621 /* Resources */,
				556047761D68EFC200F46621 /* Embed App Extensions */,
			);
			buildRules = (
			);
			dependencies = (
				556047651D68EFC200F46621 /* PBXTargetDependency */,
			);
			name = Watch;
			productName = Watch;
			productReference = 556047561D68EFC200F46621 /* Watch.app */;
			productType = "com.apple.product-type.application.watchapp2";
		};
		556047611D68EFC200F46621 /* Watch Extension */ = {
			isa = PBXNativeTarget;
			buildConfigurationList = 556047731D68EFC200F46621 /* Build configuration list for PBXNativeTarget "Watch Extension" */;
			buildPhases = (
				5560475E1D68EFC200F46621 /* Sources */,
				5560475F1D68EFC200F46621 /* Frameworks */,
				556047601D68EFC200F46621 /* Resources */,
			);
			buildRules = (
			);
			dependencies = (
			);
			name = "Watch Extension";
			productName = "Watch Extension";
			productReference = 556047621D68EFC200F46621 /* Watch Extension.appex */;
			productType = "com.apple.product-type.watchkit2-extension";
		};
/* End PBXNativeTarget section */

/* Begin PBXProject section */
		5560472F1D68C94700F46621 /* Project object */ = {
			isa = PBXProject;
			attributes = {
				LastUpgradeCheck = 0730;
				ORGANIZATIONNAME = "Abdul Al-Shawa";
				TargetAttributes = {
					556047361D68C94700F46621 = {
						CreatedOnToolsVersion = 7.3.1;
						DevelopmentTeam = Q5UXDN5E2V;
					};
					556047551D68EFC200F46621 = {
						CreatedOnToolsVersion = 7.3.1;
						DevelopmentTeam = Q5UXDN5E2V;
					};
					556047611D68EFC200F46621 = {
						CreatedOnToolsVersion = 7.3.1;
						DevelopmentTeam = Q5UXDN5E2V;
					};
				};
			};
			buildConfigurationList = 556047321D68C94700F46621 /* Build configuration list for PBXProject "PeriodicTimer" */;
			compatibilityVersion = "Xcode 3.2";
			developmentRegion = English;
			hasScannedForEncodings = 0;
			knownRegions = (
				en,
				Base,
			);
			mainGroup = 5560472E1D68C94700F46621;
			productRefGroup = 556047381D68C94700F46621 /* Products */;
			projectDirPath = "";
			projectRoot = "";
			targets = (
				556047361D68C94700F46621 /* PeriodicTimer */,
				556047551D68EFC200F46621 /* Watch */,
				556047611D68EFC200F46621 /* Watch Extension */,
			);
		};
/* End PBXProject section */

/* Begin PBXResourcesBuildPhase section */
		556047351D68C94700F46621 /* Resources */ = {
			isa = PBXResourcesBuildPhase;
			buildActionMask = 2147483647;
			files = (
				5560474A1D68C94700F46621 /* LaunchScreen.storyboard in Resources */,
				556047471D68C94700F46621 /* Assets.xcassets in Resources */,
				556047451D68C94700F46621 /* Main.storyboard in Resources */,
			);
			runOnlyForDeploymentPostprocessing = 0;
		};
		556047541D68EFC200F46621 /* Resources */ = {
			isa = PBXResourcesBuildPhase;
			buildActionMask = 2147483647;
			files = (
				5560475C1D68EFC200F46621 /* Assets.xcassets in Resources */,
				5560475A1D68EFC200F46621 /* Interface.storyboard in Resources */,
			);
			runOnlyForDeploymentPostprocessing = 0;
		};
		556047601D68EFC200F46621 /* Resources */ = {
			isa = PBXResourcesBuildPhase;
			buildActionMask = 2147483647;
			files = (
				5560476E1D68EFC200F46621 /* Assets.xcassets in Resources */,
			);
			runOnlyForDeploymentPostprocessing = 0;
		};
/* End PBXResourcesBuildPhase section */

/* Begin PBXSourcesBuildPhase section */
		556047331D68C94700F46621 /* Sources */ = {
			isa = PBXSourcesBuildPhase;
			buildActionMask = 2147483647;
			files = (
				556047421D68C94700F46621 /* ViewController.m in Sources */,
				5530DC1F1D68FF5500BF4D9A /* PeriodicTimerMonitor.m in Sources */,
				5560473F1D68C94700F46621 /* AppDelegate.m in Sources */,
				5560473C1D68C94700F46621 /* main.m in Sources */,
			);
			runOnlyForDeploymentPostprocessing = 0;
		};
		5560475E1D68EFC200F46621 /* Sources */ = {
			isa = PBXSourcesBuildPhase;
			buildActionMask = 2147483647;
			files = (
				5560476C1D68EFC200F46621 /* ExtensionDelegate.m in Sources */,
				5560477D1D68F47400F46621 /* InterfaceController.m in Sources */,
				5530DC201D68FF5500BF4D9A /* PeriodicTimerMonitor.m in Sources */,
			);
			runOnlyForDeploymentPostprocessing = 0;
		};
/* End PBXSourcesBuildPhase section */

/* Begin PBXTargetDependency section */
		556047651D68EFC200F46621 /* PBXTargetDependency */ = {
			isa = PBXTargetDependency;
			target = 556047611D68EFC200F46621 /* Watch Extension */;
			targetProxy = 556047641D68EFC200F46621 /* PBXContainerItemProxy */;
		};
		556047711D68EFC200F46621 /* PBXTargetDependency */ = {
			isa = PBXTargetDependency;
			target = 556047551D68EFC200F46621 /* Watch */;
			targetProxy = 556047701D68EFC200F46621 /* PBXContainerItemProxy */;
		};
/* End PBXTargetDependency section */

/* Begin PBXVariantGroup section */
		556047431D68C94700F46621 /* Main.storyboard */ = {
			isa = PBXVariantGroup;
			children = (
				556047441D68C94700F46621 /* Base */,
			);
			name = Main.storyboard;
			sourceTree = "<group>";
		};
		556047481D68C94700F46621 /* LaunchScreen.storyboard */ = {
			isa = PBXVariantGroup;
			children = (
				556047491D68C94700F46621 /* Base */,
			);
			name = LaunchScreen.storyboard;
			sourceTree = "<group>";
		};
		556047581D68EFC200F46621 /* Interface.storyboard */ = {
			isa = PBXVariantGroup;
			children = (
				556047591D68EFC200F46621 /* Base */,
			);
			name = Interface.storyboard;
			sourceTree = "<group>";
		};
/* End PBXVariantGroup section */

/* Begin XCBuildConfiguration section */
		5560474C1D68C94700F46621 /* Debug */ = {
			isa = XCBuildConfiguration;
			buildSettings = {
				ALWAYS_SEARCH_USER_PATHS = NO;
				CLANG_ANALYZER_NONNULL = YES;
				CLANG_CXX_LANGUAGE_STANDARD = "gnu++0x";
				CLANG_CXX_LIBRARY = "libc++";
				CLANG_ENABLE_MODULES = YES;
				CLANG_ENABLE_OBJC_ARC = YES;
				CLANG_WARN_BOOL_CONVERSION = YES;
				CLANG_WARN_CONSTANT_CONVERSION = YES;
				CLANG_WARN_DIRECT_OBJC_ISA_USAGE = YES_ERROR;
				CLANG_WARN_EMPTY_BODY = YES;
				CLANG_WARN_ENUM_CONVERSION = YES;
				CLANG_WARN_INT_CONVERSION = YES;
				CLANG_WARN_OBJC_ROOT_CLASS = YES_ERROR;
				CLANG_WARN_UNREACHABLE_CODE = YES;
				CLANG_WARN__DUPLICATE_METHOD_MATCH = YES;
				"CODE_SIGN_IDENTITY[sdk=iphoneos*]" = "iPhone Developer";
				COPY_PHASE_STRIP = NO;
				DEBUG_INFORMATION_FORMAT = dwarf;
				ENABLE_STRICT_OBJC_MSGSEND = YES;
				ENABLE_TESTABILITY = YES;
				GCC_C_LANGUAGE_STANDARD = gnu99;
				GCC_DYNAMIC_NO_PIC = NO;
				GCC_NO_COMMON_BLOCKS = YES;
				GCC_OPTIMIZATION_LEVEL = 0;
				GCC_PREPROCESSOR_DEFINITIONS = (
					"DEBUG=1",
					"$(inherited)",
				);
				GCC_WARN_64_TO_32_BIT_CONVERSION = YES;
				GCC_WARN_ABOUT_RETURN_TYPE = YES_ERROR;
				GCC_WARN_UNDECLARED_SELECTOR = YES;
				GCC_WARN_UNINITIALIZED_AUTOS = YES_AGGRESSIVE;
				GCC_WARN_UNUSED_FUNCTION = YES;
				GCC_WARN_UNUSED_VARIABLE = YES;
				IPHONEOS_DEPLOYMENT_TARGET = 9.3;
				MTL_ENABLE_DEBUG_INFO = YES;
				ONLY_ACTIVE_ARCH = YES;
				SDKROOT = iphoneos;
				TARGETED_DEVICE_FAMILY = "1,2";
			};
			name = Debug;
		};
		5560474D1D68C94700F46621 /* Release */ = {
			isa = XCBuildConfiguration;
			buildSettings = {
				ALWAYS_SEARCH_USER_PATHS = NO;
				CLANG_ANALYZER_NONNULL = YES;
				CLANG_CXX_LANGUAGE_STANDARD = "gnu++0x";
				CLANG_CXX_LIBRARY = "libc++";
				CLANG_ENABLE_MODULES = YES;
				CLANG_ENABLE_OBJC_ARC = YES;
				CLANG_WARN_BOOL_CONVERSION = YES;
				CLANG_WARN_CONSTANT_CONVERSION = YES;
				CLANG_WARN_DIRECT_OBJC_ISA_USAGE = YES_ERROR;
				CLANG_WARN_EMPTY_BODY = YES;
				CLANG_WARN_ENUM_CONVERSION = YES;
				CLANG_WARN_INT_CONVERSION = YES;
				CLANG_WARN_OBJC_ROOT_CLASS = YES_ERROR;
				CLANG_WARN_UNREACHABLE_CODE = YES;
				CLANG_WARN__DUPLICATE_METHOD_MATCH = YES;
				"CODE_SIGN_IDENTITY[sdk=iphoneos*]" = "iPhone Developer";
				COPY_PHASE_STRIP = NO;
				DEBUG_INFORMATION_FORMAT = "dwarf-with-dsym";
				ENABLE_NS_ASSERTIONS = NO;
				ENABLE_STRICT_OBJC_MSGSEND = YES;
				GCC_C_LANGUAGE_STANDARD = gnu99;
				GCC_NO_COMMON_BLOCKS = YES;
				GCC_WARN_64_TO_32_BIT_CONVERSION = YES;
				GCC_WARN_ABOUT_RETURN_TYPE = YES_ERROR;
				GCC_WARN_UNDECLARED_SELECTOR = YES;
				GCC_WARN_UNINITIALIZED_AUTOS = YES_AGGRESSIVE;
				GCC_WARN_UNUSED_FUNCTION = YES;
				GCC_WARN_UNUSED_VARIABLE = YES;
				IPHONEOS_DEPLOYMENT_TARGET = 9.3;
				MTL_ENABLE_DEBUG_INFO = NO;
				SDKROOT = iphoneos;
				TARGETED_DEVICE_FAMILY = "1,2";
				VALIDATE_PRODUCT = YES;
			};
			name = Release;
		};
		5560474F1D68C94700F46621 /* Debug */ = {
			isa = XCBuildConfiguration;
			buildSettings = {
				ASSETCATALOG_COMPILER_APPICON_NAME = AppIcon;
				CODE_SIGN_IDENTITY = "iPhone Developer";
				INFOPLIST_FILE = PeriodicTimer/Info.plist;
				LD_RUNPATH_SEARCH_PATHS = "$(inherited) @executable_path/Frameworks";
				PRODUCT_BUNDLE_IDENTIFIER = AAApplications.PeriodicTimer;
				PRODUCT_NAME = "$(TARGET_NAME)";
			};
			name = Debug;
		};
		556047501D68C94700F46621 /* Release */ = {
			isa = XCBuildConfiguration;
			buildSettings = {
				ASSETCATALOG_COMPILER_APPICON_NAME = AppIcon;
				CODE_SIGN_IDENTITY = "iPhone Developer";
				INFOPLIST_FILE = PeriodicTimer/Info.plist;
				LD_RUNPATH_SEARCH_PATHS = "$(inherited) @executable_path/Frameworks";
				PRODUCT_BUNDLE_IDENTIFIER = AAApplications.PeriodicTimer;
				PRODUCT_NAME = "$(TARGET_NAME)";
			};
			name = Release;
		};
		556047741D68EFC200F46621 /* Debug */ = {
			isa = XCBuildConfiguration;
			buildSettings = {
				CODE_SIGN_IDENTITY = "iPhone Developer";
				INFOPLIST_FILE = "Watch Extension/Info.plist";
				LD_RUNPATH_SEARCH_PATHS = "$(inherited) @executable_path/Frameworks @executable_path/../../Frameworks";
				PRODUCT_BUNDLE_IDENTIFIER = AAApplications.PeriodicTimer.watchkitapp.watchkitextension;
				PRODUCT_NAME = "${TARGET_NAME}";
				SDKROOT = watchos;
				SKIP_INSTALL = YES;
				TARGETED_DEVICE_FAMILY = 4;
				WATCHOS_DEPLOYMENT_TARGET = 2.2;
			};
			name = Debug;
		};
		556047751D68EFC200F46621 /* Release */ = {
			isa = XCBuildConfiguration;
			buildSettings = {
				CODE_SIGN_IDENTITY = "iPhone Developer";
				INFOPLIST_FILE = "Watch Extension/Info.plist";
				LD_RUNPATH_SEARCH_PATHS = "$(inherited) @executable_path/Frameworks @executable_path/../../Frameworks";
				PRODUCT_BUNDLE_IDENTIFIER = AAApplications.PeriodicTimer.watchkitapp.watchkitextension;
				PRODUCT_NAME = "${TARGET_NAME}";
				SDKROOT = watchos;
				SKIP_INSTALL = YES;
				TARGETED_DEVICE_FAMILY = 4;
				WATCHOS_DEPLOYMENT_TARGET = 2.2;
			};
			name = Release;
		};
		556047781D68EFC200F46621 /* Debug */ = {
			isa = XCBuildConfiguration;
			buildSettings = {
				ASSETCATALOG_COMPILER_APPICON_NAME = AppIcon;
				CODE_SIGN_IDENTITY = "iPhone Developer";
				IBSC_MODULE = Watch_Extension;
				INFOPLIST_FILE = Watch/Info.plist;
				PRODUCT_BUNDLE_IDENTIFIER = AAApplications.PeriodicTimer.watchkitapp;
				PRODUCT_NAME = "$(TARGET_NAME)";
				SDKROOT = watchos;
				SKIP_INSTALL = YES;
				TARGETED_DEVICE_FAMILY = 4;
				WATCHOS_DEPLOYMENT_TARGET = 2.2;
			};
			name = Debug;
		};
		556047791D68EFC200F46621 /* Release */ = {
			isa = XCBuildConfiguration;
			buildSettings = {
				ASSETCATALOG_COMPILER_APPICON_NAME = AppIcon;
				CODE_SIGN_IDENTITY = "iPhone Developer";
				IBSC_MODULE = Watch_Extension;
				INFOPLIST_FILE = Watch/Info.plist;
				PRODUCT_BUNDLE_IDENTIFIER = AAApplications.PeriodicTimer.watchkitapp;
				PRODUCT_NAME = "$(TARGET_NAME)";
				SDKROOT = watchos;
				SKIP_INSTALL = YES;
				TARGETED_DEVICE_FAMILY = 4;
				WATCHOS_DEPLOYMENT_TARGET = 2.2;
			};
			name = Release;
		};
/* End XCBuildConfiguration section */

/* Begin XCConfigurationList section */
		556047321D68C94700F46621 /* Build configuration list for PBXProject "PeriodicTimer" */ = {
			isa = XCConfigurationList;
			buildConfigurations = (
				5560474C1D68C94700F46621 /* Debug */,
				5560474D1D68C94700F46621 /* Release */,
			);
			defaultConfigurationIsVisible = 0;
			defaultConfigurationName = Release;
		};
		5560474E1D68C94700F46621 /* Build configuration list for PBXNativeTarget "PeriodicTimer" */ = {
			isa = XCConfigurationList;
			buildConfigurations = (
				5560474F1D68C94700F46621 /* Debug */,
				556047501D68C94700F46621 /* Release */,
			);
			defaultConfigurationIsVisible = 0;
			defaultConfigurationName = Release;
		};
		556047731D68EFC200F46621 /* Build configuration list for PBXNativeTarget "Watch Extension" */ = {
			isa = XCConfigurationList;
			buildConfigurations = (
				556047741D68EFC200F46621 /* Debug */,
				556047751D68EFC200F46621 /* Release */,
			);
			defaultConfigurationIsVisible = 0;
			defaultConfigurationName = Release;
		};
		556047771D68EFC200F46621 /* Build configuration list for PBXNativeTarget "Watch" */ = {
			isa = XCConfigurationList;
			buildConfigurations = (
				556047781D68EFC200F46621 /* Debug */,
				556047791D68EFC200F46621 /* Release */,
			);
			defaultConfigurationIsVisible = 0;
			defaultConfigurationName = Release;
		};
/* End XCConfigurationList section */
	};
	rootObject = 5560472F1D68C94700F46621 /* Project object */;
}
